// !$*UTF8*$!
{
	archiveVersion = 1;
	classes = {
	};
	objectVersion = 46;
	objects = {

/* Begin PBXBuildFile section */
		0306DBA01D85D626007AE314 /* Assets.xcassets in Resources */ = {isa = PBXBuildFile; fileRef = 0306DB9A1D85D626007AE314 /* Assets.xcassets */; };
		0306DBA11D85D626007AE314 /* LaunchScreen.storyboard in Resources */ = {isa = PBXBuildFile; fileRef = 0306DB9B1D85D626007AE314 /* LaunchScreen.storyboard */; };
		0306DBAA1D85D62A007AE314 /* Toaster.h in Headers */ = {isa = PBXBuildFile; fileRef = 0306DBA51D85D62A007AE314 /* Toaster.h */; settings = {ATTRIBUTES = (Public, ); }; };
		0306DBAB1D85D62A007AE314 /* Toast.swift in Sources */ = {isa = PBXBuildFile; fileRef = 0306DBA61D85D62A007AE314 /* Toast.swift */; };
		0306DBAC1D85D62A007AE314 /* ToastCenter.swift in Sources */ = {isa = PBXBuildFile; fileRef = 0306DBA71D85D62A007AE314 /* ToastCenter.swift */; };
		0306DBAD1D85D62A007AE314 /* ToastView.swift in Sources */ = {isa = PBXBuildFile; fileRef = 0306DBA81D85D62A007AE314 /* ToastView.swift */; };
		0306DBAE1D85D62A007AE314 /* ToastWindow.swift in Sources */ = {isa = PBXBuildFile; fileRef = 0306DBA91D85D62A007AE314 /* ToastWindow.swift */; };
		0397CD2D1D85D6920077D82F /* AppDelegate.swift in Sources */ = {isa = PBXBuildFile; fileRef = 0306DB991D85D626007AE314 /* AppDelegate.swift */; };
		0397CD2E1D85D6930077D82F /* RootViewController.swift in Sources */ = {isa = PBXBuildFile; fileRef = 0306DB9E1D85D626007AE314 /* RootViewController.swift */; };
		03C23F3C1D8823AA00EE8424 /* Toaster.framework in Frameworks */ = {isa = PBXBuildFile; fileRef = 03A75E2B1BCF2066002E46C4 /* Toaster.framework */; };
		3706852A20D6A68800F09B36 /* Toaster.framework in Embed Frameworks */ = {isa = PBXBuildFile; fileRef = 03A75E2B1BCF2066002E46C4 /* Toaster.framework */; settings = {ATTRIBUTES = (CodeSignOnCopy, RemoveHeadersOnCopy, ); }; };
		3719A72C225598E4009EAFCD /* AppDelegate.m in Sources */ = {isa = PBXBuildFile; fileRef = 3719A72B225598E4009EAFCD /* AppDelegate.m */; };
		3719A72F225598E4009EAFCD /* RootViewController.m in Sources */ = {isa = PBXBuildFile; fileRef = 3719A72E225598E4009EAFCD /* RootViewController.m */; };
		3719A734225598E4009EAFCD /* Assets.xcassets in Resources */ = {isa = PBXBuildFile; fileRef = 3719A733225598E4009EAFCD /* Assets.xcassets */; };
		3719A737225598E4009EAFCD /* LaunchScreen.storyboard in Resources */ = {isa = PBXBuildFile; fileRef = 3719A735225598E4009EAFCD /* LaunchScreen.storyboard */; };
		3719A73A225598E4009EAFCD /* main.m in Sources */ = {isa = PBXBuildFile; fileRef = 3719A739225598E4009EAFCD /* main.m */; };
		3719A73E2255991B009EAFCD /* Toaster.framework in Frameworks */ = {isa = PBXBuildFile; fileRef = 03A75E2B1BCF2066002E46C4 /* Toaster.framework */; };
		3719A73F2255991B009EAFCD /* Toaster.framework in Embed Frameworks */ = {isa = PBXBuildFile; fileRef = 03A75E2B1BCF2066002E46C4 /* Toaster.framework */; settings = {ATTRIBUTES = (CodeSignOnCopy, RemoveHeadersOnCopy, ); }; };
		C06FC9D41F95A8CC00782082 /* ToasterTests.swift in Sources */ = {isa = PBXBuildFile; fileRef = C06FC9D31F95A8CC00782082 /* ToasterTests.swift */; };
		C06FC9D61F95A8CC00782082 /* Toaster.framework in Frameworks */ = {isa = PBXBuildFile; fileRef = 03A75E2B1BCF2066002E46C4 /* Toaster.framework */; };
		C1C0178D23163F5000446CED /* KeyboardObserver.swift in Sources */ = {isa = PBXBuildFile; fileRef = C1C0178C23163F4F00446CED /* KeyboardObserver.swift */; };
		C1C017922316419900446CED /* UIApplication+Load.swift in Sources */ = {isa = PBXBuildFile; fileRef = C1C017912316419900446CED /* UIApplication+Load.swift */; };
/* End PBXBuildFile section */

/* Begin PBXContainerItemProxy section */
		03A75E631BCF216A002E46C4 /* PBXContainerItemProxy */ = {
			isa = PBXContainerItemProxy;
			containerPortal = 03A75E221BCF2066002E46C4 /* Project object */;
			proxyType = 1;
			remoteGlobalIDString = 03A75E2A1BCF2066002E46C4;
			remoteInfo = Toaster;
		};
		3719A7402255991B009EAFCD /* PBXContainerItemProxy */ = {
			isa = PBXContainerItemProxy;
			containerPortal = 03A75E221BCF2066002E46C4 /* Project object */;
			proxyType = 1;
			remoteGlobalIDString = 03A75E2A1BCF2066002E46C4;
			remoteInfo = Toaster;
		};
		C06FC9D71F95A8CC00782082 /* PBXContainerItemProxy */ = {
			isa = PBXContainerItemProxy;
			containerPortal = 03A75E221BCF2066002E46C4 /* Project object */;
			proxyType = 1;
			remoteGlobalIDString = 03A75E2A1BCF2066002E46C4;
			remoteInfo = Toaster;
		};
/* End PBXContainerItemProxy section */

/* Begin PBXCopyFilesBuildPhase section */
		3706852B20D6A68800F09B36 /* Embed Frameworks */ = {
			isa = PBXCopyFilesBuildPhase;
			buildActionMask = 2147483647;
			dstPath = "";
			dstSubfolderSpec = 10;
			files = (
				3706852A20D6A68800F09B36 /* Toaster.framework in Embed Frameworks */,
			);
			name = "Embed Frameworks";
			runOnlyForDeploymentPostprocessing = 0;
		};
		3719A7422255991B009EAFCD /* Embed Frameworks */ = {
			isa = PBXCopyFilesBuildPhase;
			buildActionMask = 2147483647;
			dstPath = "";
			dstSubfolderSpec = 10;
			files = (
				3719A73F2255991B009EAFCD /* Toaster.framework in Embed Frameworks */,
			);
			name = "Embed Frameworks";
			runOnlyForDeploymentPostprocessing = 0;
		};
/* End PBXCopyFilesBuildPhase section */

/* Begin PBXFileReference section */
		0306DB991D85D626007AE314 /* AppDelegate.swift */ = {isa = PBXFileReference; fileEncoding = 4; indentWidth = 2; lastKnownFileType = sourcecode.swift; path = AppDelegate.swift; sourceTree = "<group>"; };
		0306DB9A1D85D626007AE314 /* Assets.xcassets */ = {isa = PBXFileReference; lastKnownFileType = folder.assetcatalog; path = Assets.xcassets; sourceTree = "<group>"; };
		0306DB9C1D85D626007AE314 /* Base */ = {isa = PBXFileReference; lastKnownFileType = file.storyboard; name = Base; path = Base.lproj/LaunchScreen.storyboard; sourceTree = "<group>"; };
		0306DB9D1D85D626007AE314 /* Info.plist */ = {isa = PBXFileReference; fileEncoding = 4; lastKnownFileType = text.plist.xml; path = Info.plist; sourceTree = "<group>"; };
		0306DB9E1D85D626007AE314 /* RootViewController.swift */ = {isa = PBXFileReference; fileEncoding = 4; indentWidth = 2; lastKnownFileType = sourcecode.swift; path = RootViewController.swift; sourceTree = "<group>"; };
		0306DBA51D85D62A007AE314 /* Toaster.h */ = {isa = PBXFileReference; fileEncoding = 4; lastKnownFileType = sourcecode.c.h; path = Toaster.h; sourceTree = "<group>"; };
		0306DBA61D85D62A007AE314 /* Toast.swift */ = {isa = PBXFileReference; fileEncoding = 4; indentWidth = 2; lastKnownFileType = sourcecode.swift; path = Toast.swift; sourceTree = "<group>"; };
		0306DBA71D85D62A007AE314 /* ToastCenter.swift */ = {isa = PBXFileReference; fileEncoding = 4; indentWidth = 2; lastKnownFileType = sourcecode.swift; path = ToastCenter.swift; sourceTree = "<group>"; };
		0306DBA81D85D62A007AE314 /* ToastView.swift */ = {isa = PBXFileReference; fileEncoding = 4; indentWidth = 2; lastKnownFileType = sourcecode.swift; path = ToastView.swift; sourceTree = "<group>"; };
		0306DBA91D85D62A007AE314 /* ToastWindow.swift */ = {isa = PBXFileReference; fileEncoding = 4; indentWidth = 2; lastKnownFileType = sourcecode.swift; path = ToastWindow.swift; sourceTree = "<group>"; };
		0306DBB01D85D62E007AE314 /* Info.plist */ = {isa = PBXFileReference; fileEncoding = 4; lastKnownFileType = text.plist.xml; path = Info.plist; sourceTree = "<group>"; };
		03A75E2B1BCF2066002E46C4 /* Toaster.framework */ = {isa = PBXFileReference; explicitFileType = wrapper.framework; includeInIndex = 0; path = Toaster.framework; sourceTree = BUILT_PRODUCTS_DIR; };
		03A75E4F1BCF20D4002E46C4 /* ToasterDemo.app */ = {isa = PBXFileReference; explicitFileType = wrapper.application; includeInIndex = 0; path = ToasterDemo.app; sourceTree = BUILT_PRODUCTS_DIR; };
		3719A728225598E4009EAFCD /* ToasterDemoObjC.app */ = {isa = PBXFileReference; explicitFileType = wrapper.application; includeInIndex = 0; path = ToasterDemoObjC.app; sourceTree = BUILT_PRODUCTS_DIR; };
		3719A72A225598E4009EAFCD /* AppDelegate.h */ = {isa = PBXFileReference; lastKnownFileType = sourcecode.c.h; path = AppDelegate.h; sourceTree = "<group>"; };
		3719A72B225598E4009EAFCD /* AppDelegate.m */ = {isa = PBXFileReference; lastKnownFileType = sourcecode.c.objc; path = AppDelegate.m; sourceTree = "<group>"; };
		3719A72D225598E4009EAFCD /* RootViewController.h */ = {isa = PBXFileReference; lastKnownFileType = sourcecode.c.h; path = RootViewController.h; sourceTree = "<group>"; };
		3719A72E225598E4009EAFCD /* RootViewController.m */ = {isa = PBXFileReference; lastKnownFileType = sourcecode.c.objc; path = RootViewController.m; sourceTree = "<group>"; };
		3719A733225598E4009EAFCD /* Assets.xcassets */ = {isa = PBXFileReference; lastKnownFileType = folder.assetcatalog; path = Assets.xcassets; sourceTree = "<group>"; };
		3719A736225598E4009EAFCD /* Base */ = {isa = PBXFileReference; lastKnownFileType = file.storyboard; name = Base; path = Base.lproj/LaunchScreen.storyboard; sourceTree = "<group>"; };
		3719A738225598E4009EAFCD /* Info.plist */ = {isa = PBXFileReference; lastKnownFileType = text.plist.xml; path = Info.plist; sourceTree = "<group>"; };
		3719A739225598E4009EAFCD /* main.m */ = {isa = PBXFileReference; lastKnownFileType = sourcecode.c.objc; path = main.m; sourceTree = "<group>"; };
		C06FC9D11F95A8CC00782082 /* ToasterTests.xctest */ = {isa = PBXFileReference; explicitFileType = wrapper.cfbundle; includeInIndex = 0; path = ToasterTests.xctest; sourceTree = BUILT_PRODUCTS_DIR; };
		C06FC9D31F95A8CC00782082 /* ToasterTests.swift */ = {isa = PBXFileReference; lastKnownFileType = sourcecode.swift; path = ToasterTests.swift; sourceTree = "<group>"; };
		C06FC9D51F95A8CC00782082 /* Info.plist */ = {isa = PBXFileReference; lastKnownFileType = text.plist.xml; path = Info.plist; sourceTree = "<group>"; };
		C1C0178C23163F4F00446CED /* KeyboardObserver.swift */ = {isa = PBXFileReference; lastKnownFileType = sourcecode.swift; path = KeyboardObserver.swift; sourceTree = "<group>"; };
		C1C017912316419900446CED /* UIApplication+Load.swift */ = {isa = PBXFileReference; lastKnownFileType = sourcecode.swift; path = "UIApplication+Load.swift"; sourceTree = "<group>"; };
/* End PBXFileReference section */

/* Begin PBXFrameworksBuildPhase section */
		03A75E271BCF2066002E46C4 /* Frameworks */ = {
			isa = PBXFrameworksBuildPhase;
			buildActionMask = 2147483647;
			files = (
			);
			runOnlyForDeploymentPostprocessing = 0;
		};
		03A75E4C1BCF20D4002E46C4 /* Frameworks */ = {
			isa = PBXFrameworksBuildPhase;
			buildActionMask = 2147483647;
			files = (
				03C23F3C1D8823AA00EE8424 /* Toaster.framework in Frameworks */,
			);
			runOnlyForDeploymentPostprocessing = 0;
		};
		3719A725225598E4009EAFCD /* Frameworks */ = {
			isa = PBXFrameworksBuildPhase;
			buildActionMask = 2147483647;
			files = (
				3719A73E2255991B009EAFCD /* Toaster.framework in Frameworks */,
			);
			runOnlyForDeploymentPostprocessing = 0;
		};
		C06FC9CE1F95A8CC00782082 /* Frameworks */ = {
			isa = PBXFrameworksBuildPhase;
			buildActionMask = 2147483647;
			files = (
				C06FC9D61F95A8CC00782082 /* Toaster.framework in Frameworks */,
			);
			runOnlyForDeploymentPostprocessing = 0;
		};
/* End PBXFrameworksBuildPhase section */

/* Begin PBXGroup section */
		0306DB981D85D626007AE314 /* Demo */ = {
			isa = PBXGroup;
			children = (
				0306DB991D85D626007AE314 /* AppDelegate.swift */,
				0306DB9E1D85D626007AE314 /* RootViewController.swift */,
				0306DB9A1D85D626007AE314 /* Assets.xcassets */,
				0306DB9B1D85D626007AE314 /* LaunchScreen.storyboard */,
				0306DB9D1D85D626007AE314 /* Info.plist */,
			);
			path = Demo;
			sourceTree = "<group>";
		};
		0306DBA41D85D62A007AE314 /* Sources */ = {
			isa = PBXGroup;
			children = (
				0306DBA51D85D62A007AE314 /* Toaster.h */,
				0306DBA61D85D62A007AE314 /* Toast.swift */,
				0306DBA71D85D62A007AE314 /* ToastCenter.swift */,
				0306DBA81D85D62A007AE314 /* ToastView.swift */,
				0306DBA91D85D62A007AE314 /* ToastWindow.swift */,
				C1C0178C23163F4F00446CED /* KeyboardObserver.swift */,
				C1C017912316419900446CED /* UIApplication+Load.swift */,
			);
			path = Sources;
			sourceTree = "<group>";
		};
		0306DBAF1D85D62E007AE314 /* Supporting Files */ = {
			isa = PBXGroup;
			children = (
				0306DBB01D85D62E007AE314 /* Info.plist */,
			);
			path = "Supporting Files";
			sourceTree = "<group>";
		};
		03A75E211BCF2066002E46C4 = {
			isa = PBXGroup;
			children = (
				0306DBA41D85D62A007AE314 /* Sources */,
				0306DBAF1D85D62E007AE314 /* Supporting Files */,
				0306DB981D85D626007AE314 /* Demo */,
				3719A729225598E4009EAFCD /* DemoObjC */,
				C06FC9D21F95A8CC00782082 /* ToasterTests */,
				03A75E2C1BCF2066002E46C4 /* Products */,
			);
			sourceTree = "<group>";
		};
		03A75E2C1BCF2066002E46C4 /* Products */ = {
			isa = PBXGroup;
			children = (
				03A75E2B1BCF2066002E46C4 /* Toaster.framework */,
				03A75E4F1BCF20D4002E46C4 /* ToasterDemo.app */,
				C06FC9D11F95A8CC00782082 /* ToasterTests.xctest */,
				3719A728225598E4009EAFCD /* ToasterDemoObjC.app */,
			);
			name = Products;
			sourceTree = "<group>";
		};
		3719A729225598E4009EAFCD /* DemoObjC */ = {
			isa = PBXGroup;
			children = (
				3719A72A225598E4009EAFCD /* AppDelegate.h */,
				3719A72B225598E4009EAFCD /* AppDelegate.m */,
				3719A72D225598E4009EAFCD /* RootViewController.h */,
				3719A72E225598E4009EAFCD /* RootViewController.m */,
				3719A733225598E4009EAFCD /* Assets.xcassets */,
				3719A735225598E4009EAFCD /* LaunchScreen.storyboard */,
				3719A738225598E4009EAFCD /* Info.plist */,
				3719A739225598E4009EAFCD /* main.m */,
			);
			path = DemoObjC;
			sourceTree = "<group>";
		};
		C06FC9D21F95A8CC00782082 /* ToasterTests */ = {
			isa = PBXGroup;
			children = (
				C06FC9D31F95A8CC00782082 /* ToasterTests.swift */,
				C06FC9D51F95A8CC00782082 /* Info.plist */,
			);
			path = ToasterTests;
			sourceTree = "<group>";
		};
/* End PBXGroup section */

/* Begin PBXHeadersBuildPhase section */
		03A75E281BCF2066002E46C4 /* Headers */ = {
			isa = PBXHeadersBuildPhase;
			buildActionMask = 2147483647;
			files = (
				0306DBAA1D85D62A007AE314 /* Toaster.h in Headers */,
			);
			runOnlyForDeploymentPostprocessing = 0;
		};
/* End PBXHeadersBuildPhase section */

/* Begin PBXNativeTarget section */
		03A75E2A1BCF2066002E46C4 /* Toaster */ = {
			isa = PBXNativeTarget;
			buildConfigurationList = 03A75E3F1BCF2066002E46C4 /* Build configuration list for PBXNativeTarget "Toaster" */;
			buildPhases = (
				03A75E261BCF2066002E46C4 /* Sources */,
				03A75E271BCF2066002E46C4 /* Frameworks */,
				03A75E281BCF2066002E46C4 /* Headers */,
				03A75E291BCF2066002E46C4 /* Resources */,
			);
			buildRules = (
			);
			dependencies = (
			);
			name = Toaster;
			productName = Toaster;
			productReference = 03A75E2B1BCF2066002E46C4 /* Toaster.framework */;
			productType = "com.apple.product-type.framework";
		};
		03A75E4E1BCF20D4002E46C4 /* ToasterDemo */ = {
			isa = PBXNativeTarget;
			buildConfigurationList = 03A75E5E1BCF20D4002E46C4 /* Build configuration list for PBXNativeTarget "ToasterDemo" */;
			buildPhases = (
				03A75E4B1BCF20D4002E46C4 /* Sources */,
				03A75E4C1BCF20D4002E46C4 /* Frameworks */,
				03A75E4D1BCF20D4002E46C4 /* Resources */,
				3706852B20D6A68800F09B36 /* Embed Frameworks */,
			);
			buildRules = (
			);
			dependencies = (
				03A75E641BCF216A002E46C4 /* PBXTargetDependency */,
			);
			name = ToasterDemo;
			productName = ToasterDemo;
			productReference = 03A75E4F1BCF20D4002E46C4 /* ToasterDemo.app */;
			productType = "com.apple.product-type.application";
		};
		3719A727225598E4009EAFCD /* ToasterDemoObjC */ = {
			isa = PBXNativeTarget;
			buildConfigurationList = 3719A73D225598E4009EAFCD /* Build configuration list for PBXNativeTarget "ToasterDemoObjC" */;
			buildPhases = (
				3719A724225598E4009EAFCD /* Sources */,
				3719A725225598E4009EAFCD /* Frameworks */,
				3719A726225598E4009EAFCD /* Resources */,
				3719A7422255991B009EAFCD /* Embed Frameworks */,
			);
			buildRules = (
			);
			dependencies = (
				3719A7412255991B009EAFCD /* PBXTargetDependency */,
			);
			name = ToasterDemoObjC;
			productName = ToasterDemoObjC;
			productReference = 3719A728225598E4009EAFCD /* ToasterDemoObjC.app */;
			productType = "com.apple.product-type.application";
		};
		C06FC9D01F95A8CC00782082 /* ToasterTests */ = {
			isa = PBXNativeTarget;
			buildConfigurationList = C06FC9DB1F95A8CC00782082 /* Build configuration list for PBXNativeTarget "ToasterTests" */;
			buildPhases = (
				C06FC9CD1F95A8CC00782082 /* Sources */,
				C06FC9CE1F95A8CC00782082 /* Frameworks */,
				C06FC9CF1F95A8CC00782082 /* Resources */,
			);
			buildRules = (
			);
			dependencies = (
				C06FC9D81F95A8CC00782082 /* PBXTargetDependency */,
			);
			name = ToasterTests;
			productName = ToasterTests;
			productReference = C06FC9D11F95A8CC00782082 /* ToasterTests.xctest */;
			productType = "com.apple.product-type.bundle.unit-test";
		};
/* End PBXNativeTarget section */

/* Begin PBXProject section */
		03A75E221BCF2066002E46C4 /* Project object */ = {
			isa = PBXProject;
			attributes = {
				LastSwiftUpdateCheck = 0900;
				LastUpgradeCheck = 1020;
				ORGANIZATIONNAME = "Suyeol Jeon";
				TargetAttributes = {
					03A75E2A1BCF2066002E46C4 = {
						CreatedOnToolsVersion = 7.0.1;
						LastSwiftMigration = 1030;
					};
					03A75E4E1BCF20D4002E46C4 = {
						CreatedOnToolsVersion = 7.0.1;
						LastSwiftMigration = 0900;
					};
					3719A727225598E4009EAFCD = {
						CreatedOnToolsVersion = 10.2;
						ProvisioningStyle = Automatic;
					};
					C06FC9D01F95A8CC00782082 = {
						CreatedOnToolsVersion = 9.0;
						ProvisioningStyle = Automatic;
					};
				};
			};
			buildConfigurationList = 03A75E251BCF2066002E46C4 /* Build configuration list for PBXProject "Toaster" */;
			compatibilityVersion = "Xcode 3.2";
			developmentRegion = en;
			hasScannedForEncodings = 0;
			knownRegions = (
				en,
				Base,
			);
			mainGroup = 03A75E211BCF2066002E46C4;
			productRefGroup = 03A75E2C1BCF2066002E46C4 /* Products */;
			projectDirPath = "";
			projectRoot = "";
			targets = (
				03A75E2A1BCF2066002E46C4 /* Toaster */,
				03A75E4E1BCF20D4002E46C4 /* ToasterDemo */,
				3719A727225598E4009EAFCD /* ToasterDemoObjC */,
				C06FC9D01F95A8CC00782082 /* ToasterTests */,
			);
		};
/* End PBXProject section */

/* Begin PBXResourcesBuildPhase section */
		03A75E291BCF2066002E46C4 /* Resources */ = {
			isa = PBXResourcesBuildPhase;
			buildActionMask = 2147483647;
			files = (
				0306DBA01D85D626007AE314 /* Assets.xcassets in Resources */,
				0306DBA11D85D626007AE314 /* LaunchScreen.storyboard in Resources */,
			);
			runOnlyForDeploymentPostprocessing = 0;
		};
		03A75E4D1BCF20D4002E46C4 /* Resources */ = {
			isa = PBXResourcesBuildPhase;
			buildActionMask = 2147483647;
			files = (
			);
			runOnlyForDeploymentPostprocessing = 0;
		};
		3719A726225598E4009EAFCD /* Resources */ = {
			isa = PBXResourcesBuildPhase;
			buildActionMask = 2147483647;
			files = (
				3719A737225598E4009EAFCD /* LaunchScreen.storyboard in Resources */,
				3719A734225598E4009EAFCD /* Assets.xcassets in Resources */,
			);
			runOnlyForDeploymentPostprocessing = 0;
		};
		C06FC9CF1F95A8CC00782082 /* Resources */ = {
			isa = PBXResourcesBuildPhase;
			buildActionMask = 2147483647;
			files = (
			);
			runOnlyForDeploymentPostprocessing = 0;
		};
/* End PBXResourcesBuildPhase section */

/* Begin PBXSourcesBuildPhase section */
		03A75E261BCF2066002E46C4 /* Sources */ = {
			isa = PBXSourcesBuildPhase;
			buildActionMask = 2147483647;
			files = (
				0306DBAC1D85D62A007AE314 /* ToastCenter.swift in Sources */,
				0306DBAE1D85D62A007AE314 /* ToastWindow.swift in Sources */,
				C1C017922316419900446CED /* UIApplication+Load.swift in Sources */,
				0306DBAB1D85D62A007AE314 /* Toast.swift in Sources */,
				C1C0178D23163F5000446CED /* KeyboardObserver.swift in Sources */,
				0306DBAD1D85D62A007AE314 /* ToastView.swift in Sources */,
			);
			runOnlyForDeploymentPostprocessing = 0;
		};
		03A75E4B1BCF20D4002E46C4 /* Sources */ = {
			isa = PBXSourcesBuildPhase;
			buildActionMask = 2147483647;
			files = (
				0397CD2D1D85D6920077D82F /* AppDelegate.swift in Sources */,
				0397CD2E1D85D6930077D82F /* RootViewController.swift in Sources */,
			);
			runOnlyForDeploymentPostprocessing = 0;
		};
		3719A724225598E4009EAFCD /* Sources */ = {
			isa = PBXSourcesBuildPhase;
			buildActionMask = 2147483647;
			files = (
				3719A72F225598E4009EAFCD /* RootViewController.m in Sources */,
				3719A73A225598E4009EAFCD /* main.m in Sources */,
				3719A72C225598E4009EAFCD /* AppDelegate.m in Sources */,
			);
			runOnlyForDeploymentPostprocessing = 0;
		};
		C06FC9CD1F95A8CC00782082 /* Sources */ = {
			isa = PBXSourcesBuildPhase;
			buildActionMask = 2147483647;
			files = (
				C06FC9D41F95A8CC00782082 /* ToasterTests.swift in Sources */,
			);
			runOnlyForDeploymentPostprocessing = 0;
		};
/* End PBXSourcesBuildPhase section */

/* Begin PBXTargetDependency section */
		03A75E641BCF216A002E46C4 /* PBXTargetDependency */ = {
			isa = PBXTargetDependency;
			target = 03A75E2A1BCF2066002E46C4 /* Toaster */;
			targetProxy = 03A75E631BCF216A002E46C4 /* PBXContainerItemProxy */;
		};
		3719A7412255991B009EAFCD /* PBXTargetDependency */ = {
			isa = PBXTargetDependency;
			target = 03A75E2A1BCF2066002E46C4 /* Toaster */;
			targetProxy = 3719A7402255991B009EAFCD /* PBXContainerItemProxy */;
		};
		C06FC9D81F95A8CC00782082 /* PBXTargetDependency */ = {
			isa = PBXTargetDependency;
			target = 03A75E2A1BCF2066002E46C4 /* Toaster */;
			targetProxy = C06FC9D71F95A8CC00782082 /* PBXContainerItemProxy */;
		};
/* End PBXTargetDependency section */

/* Begin PBXVariantGroup section */
		0306DB9B1D85D626007AE314 /* LaunchScreen.storyboard */ = {
			isa = PBXVariantGroup;
			children = (
				0306DB9C1D85D626007AE314 /* Base */,
			);
			name = LaunchScreen.storyboard;
			sourceTree = "<group>";
		};
		3719A735225598E4009EAFCD /* LaunchScreen.storyboard */ = {
			isa = PBXVariantGroup;
			children = (
				3719A736225598E4009EAFCD /* Base */,
			);
			name = LaunchScreen.storyboard;
			sourceTree = "<group>";
		};
/* End PBXVariantGroup section */

/* Begin XCBuildConfiguration section */
		03A75E3D1BCF2066002E46C4 /* Debug */ = {
			isa = XCBuildConfiguration;
			buildSettings = {
				ALWAYS_SEARCH_USER_PATHS = NO;
				CLANG_ANALYZER_LOCALIZABILITY_NONLOCALIZED = YES;
				CLANG_CXX_LANGUAGE_STANDARD = "gnu++0x";
				CLANG_CXX_LIBRARY = "libc++";
				CLANG_ENABLE_MODULES = YES;
				CLANG_ENABLE_OBJC_ARC = YES;
				CLANG_WARN_BLOCK_CAPTURE_AUTORELEASING = YES;
				CLANG_WARN_BOOL_CONVERSION = YES;
				CLANG_WARN_COMMA = YES;
				CLANG_WARN_CONSTANT_CONVERSION = YES;
				CLANG_WARN_DEPRECATED_OBJC_IMPLEMENTATIONS = YES;
				CLANG_WARN_DIRECT_OBJC_ISA_USAGE = YES_ERROR;
				CLANG_WARN_EMPTY_BODY = YES;
				CLANG_WARN_ENUM_CONVERSION = YES;
				CLANG_WARN_INFINITE_RECURSION = YES;
				CLANG_WARN_INT_CONVERSION = YES;
				CLANG_WARN_NON_LITERAL_NULL_CONVERSION = YES;
				CLANG_WARN_OBJC_IMPLICIT_RETAIN_SELF = YES;
				CLANG_WARN_OBJC_LITERAL_CONVERSION = YES;
				CLANG_WARN_OBJC_ROOT_CLASS = YES_ERROR;
				CLANG_WARN_RANGE_LOOP_ANALYSIS = YES;
				CLANG_WARN_STRICT_PROTOTYPES = YES;
				CLANG_WARN_SUSPICIOUS_MOVE = YES;
				CLANG_WARN_UNREACHABLE_CODE = YES;
				CLANG_WARN__DUPLICATE_METHOD_MATCH = YES;
				"CODE_SIGN_IDENTITY[sdk=iphoneos*]" = "iPhone Developer";
				COPY_PHASE_STRIP = NO;
				CURRENT_PROJECT_VERSION = 1;
				DEBUG_INFORMATION_FORMAT = dwarf;
				ENABLE_STRICT_OBJC_MSGSEND = YES;
				ENABLE_TESTABILITY = YES;
				GCC_C_LANGUAGE_STANDARD = gnu99;
				GCC_DYNAMIC_NO_PIC = NO;
				GCC_NO_COMMON_BLOCKS = YES;
				GCC_OPTIMIZATION_LEVEL = 0;
				GCC_PREPROCESSOR_DEFINITIONS = (
					"DEBUG=1",
					"$(inherited)",
				);
				GCC_WARN_64_TO_32_BIT_CONVERSION = YES;
				GCC_WARN_ABOUT_RETURN_TYPE = YES_ERROR;
				GCC_WARN_UNDECLARED_SELECTOR = YES;
				GCC_WARN_UNINITIALIZED_AUTOS = YES_AGGRESSIVE;
				GCC_WARN_UNUSED_FUNCTION = YES;
				GCC_WARN_UNUSED_VARIABLE = YES;
				IPHONEOS_DEPLOYMENT_TARGET = 9.0;
				MTL_ENABLE_DEBUG_INFO = YES;
				ONLY_ACTIVE_ARCH = YES;
				SDKROOT = iphoneos;
				SWIFT_OPTIMIZATION_LEVEL = "-Onone";
				SWIFT_VERSION = 5.0;
				TARGETED_DEVICE_FAMILY = "1,2";
				VERSIONING_SYSTEM = "apple-generic";
				VERSION_INFO_PREFIX = "";
			};
			name = Debug;
		};
		03A75E3E1BCF2066002E46C4 /* Release */ = {
			isa = XCBuildConfiguration;
			buildSettings = {
				ALWAYS_SEARCH_USER_PATHS = NO;
				CLANG_ANALYZER_LOCALIZABILITY_NONLOCALIZED = YES;
				CLANG_CXX_LANGUAGE_STANDARD = "gnu++0x";
				CLANG_CXX_LIBRARY = "libc++";
				CLANG_ENABLE_MODULES = YES;
				CLANG_ENABLE_OBJC_ARC = YES;
				CLANG_WARN_BLOCK_CAPTURE_AUTORELEASING = YES;
				CLANG_WARN_BOOL_CONVERSION = YES;
				CLANG_WARN_COMMA = YES;
				CLANG_WARN_CONSTANT_CONVERSION = YES;
				CLANG_WARN_DEPRECATED_OBJC_IMPLEMENTATIONS = YES;
				CLANG_WARN_DIRECT_OBJC_ISA_USAGE = YES_ERROR;
				CLANG_WARN_EMPTY_BODY = YES;
				CLANG_WARN_ENUM_CONVERSION = YES;
				CLANG_WARN_INFINITE_RECURSION = YES;
				CLANG_WARN_INT_CONVERSION = YES;
				CLANG_WARN_NON_LITERAL_NULL_CONVERSION = YES;
				CLANG_WARN_OBJC_IMPLICIT_RETAIN_SELF = YES;
				CLANG_WARN_OBJC_LITERAL_CONVERSION = YES;
				CLANG_WARN_OBJC_ROOT_CLASS = YES_ERROR;
				CLANG_WARN_RANGE_LOOP_ANALYSIS = YES;
				CLANG_WARN_STRICT_PROTOTYPES = YES;
				CLANG_WARN_SUSPICIOUS_MOVE = YES;
				CLANG_WARN_UNREACHABLE_CODE = YES;
				CLANG_WARN__DUPLICATE_METHOD_MATCH = YES;
				"CODE_SIGN_IDENTITY[sdk=iphoneos*]" = "iPhone Developer";
				COPY_PHASE_STRIP = NO;
				CURRENT_PROJECT_VERSION = 1;
				DEBUG_INFORMATION_FORMAT = "dwarf-with-dsym";
				ENABLE_NS_ASSERTIONS = NO;
				ENABLE_STRICT_OBJC_MSGSEND = YES;
				GCC_C_LANGUAGE_STANDARD = gnu99;
				GCC_NO_COMMON_BLOCKS = YES;
				GCC_WARN_64_TO_32_BIT_CONVERSION = YES;
				GCC_WARN_ABOUT_RETURN_TYPE = YES_ERROR;
				GCC_WARN_UNDECLARED_SELECTOR = YES;
				GCC_WARN_UNINITIALIZED_AUTOS = YES_AGGRESSIVE;
				GCC_WARN_UNUSED_FUNCTION = YES;
				GCC_WARN_UNUSED_VARIABLE = YES;
				IPHONEOS_DEPLOYMENT_TARGET = 9.0;
				MTL_ENABLE_DEBUG_INFO = NO;
				SDKROOT = iphoneos;
				SWIFT_COMPILATION_MODE = wholemodule;
				SWIFT_VERSION = 5.0;
				TARGETED_DEVICE_FAMILY = "1,2";
				VALIDATE_PRODUCT = YES;
				VERSIONING_SYSTEM = "apple-generic";
				VERSION_INFO_PREFIX = "";
			};
			name = Release;
		};
		03A75E401BCF2066002E46C4 /* Debug */ = {
			isa = XCBuildConfiguration;
			buildSettings = {
				CLANG_ENABLE_MODULES = YES;
				CODE_SIGN_IDENTITY = "iPhone Developer";
				"CODE_SIGN_IDENTITY[sdk=iphoneos*]" = "";
				DEFINES_MODULE = YES;
				DYLIB_COMPATIBILITY_VERSION = 1;
				DYLIB_CURRENT_VERSION = 1;
				DYLIB_INSTALL_NAME_BASE = "@rpath";
				INFOPLIST_FILE = "Supporting Files/Info.plist";
				INSTALL_PATH = "$(LOCAL_LIBRARY_DIR)/Frameworks";
				IPHONEOS_DEPLOYMENT_TARGET = 9.0;
				LD_RUNPATH_SEARCH_PATHS = "$(inherited) @executable_path/Frameworks @loader_path/Frameworks";
				PRODUCT_BUNDLE_IDENTIFIER = kr.xoul.Toaster;
				PRODUCT_NAME = "$(TARGET_NAME)";
				SKIP_INSTALL = YES;
				SWIFT_OPTIMIZATION_LEVEL = "-Onone";
				SWIFT_VERSION = 5.0;
			};
			name = Debug;
		};
		03A75E411BCF2066002E46C4 /* Release */ = {
			isa = XCBuildConfiguration;
			buildSettings = {
				CLANG_ENABLE_MODULES = YES;
				CODE_SIGN_IDENTITY = "iPhone Developer";
				"CODE_SIGN_IDENTITY[sdk=iphoneos*]" = "";
				DEFINES_MODULE = YES;
				DYLIB_COMPATIBILITY_VERSION = 1;
				DYLIB_CURRENT_VERSION = 1;
				DYLIB_INSTALL_NAME_BASE = "@rpath";
				INFOPLIST_FILE = "Supporting Files/Info.plist";
				INSTALL_PATH = "$(LOCAL_LIBRARY_DIR)/Frameworks";
				IPHONEOS_DEPLOYMENT_TARGET = 9.0;
				LD_RUNPATH_SEARCH_PATHS = "$(inherited) @executable_path/Frameworks @loader_path/Frameworks";
				PRODUCT_BUNDLE_IDENTIFIER = kr.xoul.Toaster;
				PRODUCT_NAME = "$(TARGET_NAME)";
				SKIP_INSTALL = YES;
				SWIFT_OPTIMIZATION_LEVEL = "-Owholemodule";
				SWIFT_VERSION = 5.0;
			};
			name = Release;
		};
		03A75E5F1BCF20D4002E46C4 /* Debug */ = {
			isa = XCBuildConfiguration;
			buildSettings = {
				ALWAYS_EMBED_SWIFT_STANDARD_LIBRARIES = YES;
				ASSETCATALOG_COMPILER_APPICON_NAME = AppIcon;
				INFOPLIST_FILE = "$(SRCROOT)/Demo/Info.plist";
				IPHONEOS_DEPLOYMENT_TARGET = 8.0;
				LD_RUNPATH_SEARCH_PATHS = "$(inherited) @executable_path/Frameworks";
				PRODUCT_BUNDLE_IDENTIFIER = kr.xoul.ToasterDemo;
				PRODUCT_NAME = "$(TARGET_NAME)";
			};
			name = Debug;
		};
		03A75E601BCF20D4002E46C4 /* Release */ = {
			isa = XCBuildConfiguration;
			buildSettings = {
				ALWAYS_EMBED_SWIFT_STANDARD_LIBRARIES = YES;
				ASSETCATALOG_COMPILER_APPICON_NAME = AppIcon;
				INFOPLIST_FILE = "$(SRCROOT)/Demo/Info.plist";
				IPHONEOS_DEPLOYMENT_TARGET = 8.0;
				LD_RUNPATH_SEARCH_PATHS = "$(inherited) @executable_path/Frameworks";
				PRODUCT_BUNDLE_IDENTIFIER = kr.xoul.ToasterDemo;
				PRODUCT_NAME = "$(TARGET_NAME)";
				SWIFT_OPTIMIZATION_LEVEL = "-Owholemodule";
			};
			name = Release;
		};
		3719A73B225598E4009EAFCD /* Debug */ = {
			isa = XCBuildConfiguration;
			buildSettings = {
				ALWAYS_EMBED_SWIFT_STANDARD_LIBRARIES = YES;
				ASSETCATALOG_COMPILER_APPICON_NAME = AppIcon;
				CLANG_ANALYZER_NONNULL = YES;
				CLANG_ANALYZER_NUMBER_OBJECT_CONVERSION = YES_AGGRESSIVE;
				CLANG_CXX_LANGUAGE_STANDARD = "gnu++14";
				CLANG_ENABLE_OBJC_WEAK = YES;
				CLANG_WARN_DOCUMENTATION_COMMENTS = YES;
				CLANG_WARN_UNGUARDED_AVAILABILITY = YES_AGGRESSIVE;
				CODE_SIGN_IDENTITY = "iPhone Developer";
				CODE_SIGN_STYLE = Automatic;
				GCC_C_LANGUAGE_STANDARD = gnu11;
				INFOPLIST_FILE = DemoObjC/Info.plist;
				IPHONEOS_DEPLOYMENT_TARGET = 8.0;
				LD_RUNPATH_SEARCH_PATHS = "$(inherited) @executable_path/Frameworks";
				MTL_ENABLE_DEBUG_INFO = INCLUDE_SOURCE;
				MTL_FAST_MATH = YES;
				PRODUCT_BUNDLE_IDENTIFIER = kr.xoul.ToasterDemoObjC;
				PRODUCT_NAME = "$(TARGET_NAME)";
				TARGETED_DEVICE_FAMILY = "1,2";
			};
			name = Debug;
		};
		3719A73C225598E4009EAFCD /* Release */ = {
			isa = XCBuildConfiguration;
			buildSettings = {
				ALWAYS_EMBED_SWIFT_STANDARD_LIBRARIES = YES;
				ASSETCATALOG_COMPILER_APPICON_NAME = AppIcon;
				CLANG_ANALYZER_NONNULL = YES;
				CLANG_ANALYZER_NUMBER_OBJECT_CONVERSION = YES_AGGRESSIVE;
				CLANG_CXX_LANGUAGE_STANDARD = "gnu++14";
				CLANG_ENABLE_OBJC_WEAK = YES;
				CLANG_WARN_DOCUMENTATION_COMMENTS = YES;
				CLANG_WARN_UNGUARDED_AVAILABILITY = YES_AGGRESSIVE;
				CODE_SIGN_IDENTITY = "iPhone Developer";
				CODE_SIGN_STYLE = Automatic;
				GCC_C_LANGUAGE_STANDARD = gnu11;
				INFOPLIST_FILE = DemoObjC/Info.plist;
				IPHONEOS_DEPLOYMENT_TARGET = 8.0;
				LD_RUNPATH_SEARCH_PATHS = "$(inherited) @executable_path/Frameworks";
				MTL_FAST_MATH = YES;
				PRODUCT_BUNDLE_IDENTIFIER = kr.xoul.ToasterDemoObjC;
				PRODUCT_NAME = "$(TARGET_NAME)";
				TARGETED_DEVICE_FAMILY = "1,2";
			};
			name = Release;
		};
		C06FC9D91F95A8CC00782082 /* Debug */ = {
			isa = XCBuildConfiguration;
			buildSettings = {
				CLANG_ANALYZER_NONNULL = YES;
				CLANG_ANALYZER_NUMBER_OBJECT_CONVERSION = YES_AGGRESSIVE;
				CLANG_CXX_LANGUAGE_STANDARD = "gnu++14";
				CLANG_WARN_DOCUMENTATION_COMMENTS = YES;
				CLANG_WARN_UNGUARDED_AVAILABILITY = YES_AGGRESSIVE;
				CODE_SIGN_IDENTITY = "iPhone Developer";
				CODE_SIGN_STYLE = Automatic;
				GCC_C_LANGUAGE_STANDARD = gnu11;
				INFOPLIST_FILE = ToasterTests/Info.plist;
				IPHONEOS_DEPLOYMENT_TARGET = 11.0;
				LD_RUNPATH_SEARCH_PATHS = "$(inherited) @executable_path/Frameworks @loader_path/Frameworks";
				PRODUCT_BUNDLE_IDENTIFIER = com.loisdiqual.ToasterTests;
				PRODUCT_NAME = "$(TARGET_NAME)";
				SWIFT_ACTIVE_COMPILATION_CONDITIONS = DEBUG;
				TARGETED_DEVICE_FAMILY = "1,2";
			};
			name = Debug;
		};
		C06FC9DA1F95A8CC00782082 /* Release */ = {
			isa = XCBuildConfiguration;
			buildSettings = {
				CLANG_ANALYZER_NONNULL = YES;
				CLANG_ANALYZER_NUMBER_OBJECT_CONVERSION = YES_AGGRESSIVE;
				CLANG_CXX_LANGUAGE_STANDARD = "gnu++14";
				CLANG_WARN_DOCUMENTATION_COMMENTS = YES;
				CLANG_WARN_UNGUARDED_AVAILABILITY = YES_AGGRESSIVE;
				CODE_SIGN_IDENTITY = "iPhone Developer";
				CODE_SIGN_STYLE = Automatic;
				GCC_C_LANGUAGE_STANDARD = gnu11;
				INFOPLIST_FILE = ToasterTests/Info.plist;
				IPHONEOS_DEPLOYMENT_TARGET = 11.0;
				LD_RUNPATH_SEARCH_PATHS = "$(inherited) @executable_path/Frameworks @loader_path/Frameworks";
				PRODUCT_BUNDLE_IDENTIFIER = com.loisdiqual.ToasterTests;
				PRODUCT_NAME = "$(TARGET_NAME)";
				SWIFT_OPTIMIZATION_LEVEL = "-Owholemodule";
				TARGETED_DEVICE_FAMILY = "1,2";
			};
			name = Release;
		};
/* End XCBuildConfiguration section */

/* Begin XCConfigurationList section */
		03A75E251BCF2066002E46C4 /* Build configuration list for PBXProject "Toaster" */ = {
			isa = XCConfigurationList;
			buildConfigurations = (
				03A75E3D1BCF2066002E46C4 /* Debug */,
				03A75E3E1BCF2066002E46C4 /* Release */,
			);
			defaultConfigurationIsVisible = 0;
			defaultConfigurationName = Release;
		};
		03A75E3F1BCF2066002E46C4 /* Build configuration list for PBXNativeTarget "Toaster" */ = {
			isa = XCConfigurationList;
			buildConfigurations = (
				03A75E401BCF2066002E46C4 /* Debug */,
				03A75E411BCF2066002E46C4 /* Release */,
			);
			defaultConfigurationIsVisible = 0;
			defaultConfigurationName = Release;
		};
		03A75E5E1BCF20D4002E46C4 /* Build configuration list for PBXNativeTarget "ToasterDemo" */ = {
			isa = XCConfigurationList;
			buildConfigurations = (
				03A75E5F1BCF20D4002E46C4 /* Debug */,
				03A75E601BCF20D4002E46C4 /* Release */,
			);
			defaultConfigurationIsVisible = 0;
			defaultConfigurationName = Release;
		};
		3719A73D225598E4009EAFCD /* Build configuration list for PBXNativeTarget "ToasterDemoObjC" */ = {
			isa = XCConfigurationList;
			buildConfigurations = (
				3719A73B225598E4009EAFCD /* Debug */,
				3719A73C225598E4009EAFCD /* Release */,
			);
			defaultConfigurationIsVisible = 0;
			defaultConfigurationName = Release;
		};
		C06FC9DB1F95A8CC00782082 /* Build configuration list for PBXNativeTarget "ToasterTests" */ = {
			isa = XCConfigurationList;
			buildConfigurations = (
				C06FC9D91F95A8CC00782082 /* Debug */,
				C06FC9DA1F95A8CC00782082 /* Release */,
			);
			defaultConfigurationIsVisible = 0;
			defaultConfigurationName = Release;
		};
/* End XCConfigurationList section */
	};
	rootObject = 03A75E221BCF2066002E46C4 /* Project object */;
}
