// !$*UTF8*$!
{
	archiveVersion = 1;
	classes = {
	};
	objectVersion = 46;
	objects = {

/* Begin PBXBuildFile section */
		031069D5199E0100002886D2 /* AppDelegate.swift in Sources */ = {isa = PBXBuildFile; fileRef = 031069D4199E0100002886D2 /* AppDelegate.swift */; };
		031069DC199E0100002886D2 /* Images.xcassets in Resources */ = {isa = PBXBuildFile; fileRef = 031069DB199E0100002886D2 /* Images.xcassets */; };
		031069E8199E0100002886D2 /* JLToastSwiftSampleTests.swift in Sources */ = {isa = PBXBuildFile; fileRef = 031069E7199E0100002886D2 /* JLToastSwiftSampleTests.swift */; };
		031069F2199E0128002886D2 /* RootViewController.swift in Sources */ = {isa = PBXBuildFile; fileRef = 031069F1199E0128002886D2 /* RootViewController.swift */; };
		031069F7199E0148002886D2 /* JLToast.swift in Sources */ = {isa = PBXBuildFile; fileRef = 031069F4199E0148002886D2 /* JLToast.swift */; };
		031069F8199E0148002886D2 /* JLToastCenter.swift in Sources */ = {isa = PBXBuildFile; fileRef = 031069F5199E0148002886D2 /* JLToastCenter.swift */; };
		031069F9199E0148002886D2 /* JLToastView.swift in Sources */ = {isa = PBXBuildFile; fileRef = 031069F6199E0148002886D2 /* JLToastView.swift */; };
/* End PBXBuildFile section */

/* Begin PBXContainerItemProxy section */
		031069E2199E0100002886D2 /* PBXContainerItemProxy */ = {
			isa = PBXContainerItemProxy;
			containerPortal = 031069C7199E0100002886D2 /* Project object */;
			proxyType = 1;
			remoteGlobalIDString = 031069CE199E0100002886D2;
			remoteInfo = JLToastSwiftSample;
		};
/* End PBXContainerItemProxy section */

/* Begin PBXFileReference section */
		031069CF199E0100002886D2 /* JLToastSwiftSample.app */ = {isa = PBXFileReference; explicitFileType = wrapper.application; includeInIndex = 0; path = JLToastSwiftSample.app; sourceTree = BUILT_PRODUCTS_DIR; };
		031069D3199E0100002886D2 /* Info.plist */ = {isa = PBXFileReference; lastKnownFileType = text.plist.xml; path = Info.plist; sourceTree = "<group>"; };
		031069D4199E0100002886D2 /* AppDelegate.swift */ = {isa = PBXFileReference; lastKnownFileType = sourcecode.swift; path = AppDelegate.swift; sourceTree = "<group>"; };
		031069DB199E0100002886D2 /* Images.xcassets */ = {isa = PBXFileReference; lastKnownFileType = folder.assetcatalog; path = Images.xcassets; sourceTree = "<group>"; };
		031069E1199E0100002886D2 /* JLToastSwiftSampleTests.xctest */ = {isa = PBXFileReference; explicitFileType = wrapper.cfbundle; includeInIndex = 0; path = JLToastSwiftSampleTests.xctest; sourceTree = BUILT_PRODUCTS_DIR; };
		031069E6199E0100002886D2 /* Info.plist */ = {isa = PBXFileReference; lastKnownFileType = text.plist.xml; path = Info.plist; sourceTree = "<group>"; };
		031069E7199E0100002886D2 /* JLToastSwiftSampleTests.swift */ = {isa = PBXFileReference; lastKnownFileType = sourcecode.swift; path = JLToastSwiftSampleTests.swift; sourceTree = "<group>"; };
		031069F1199E0128002886D2 /* RootViewController.swift */ = {isa = PBXFileReference; fileEncoding = 4; lastKnownFileType = sourcecode.swift; path = RootViewController.swift; sourceTree = "<group>"; };
		031069F4199E0148002886D2 /* JLToast.swift */ = {isa = PBXFileReference; fileEncoding = 4; lastKnownFileType = sourcecode.swift; path = JLToast.swift; sourceTree = "<group>"; };
		031069F5199E0148002886D2 /* JLToastCenter.swift */ = {isa = PBXFileReference; fileEncoding = 4; lastKnownFileType = sourcecode.swift; path = JLToastCenter.swift; sourceTree = "<group>"; };
		031069F6199E0148002886D2 /* JLToastView.swift */ = {isa = PBXFileReference; fileEncoding = 4; lastKnownFileType = sourcecode.swift; path = JLToastView.swift; sourceTree = "<group>"; };
/* End PBXFileReference section */

/* Begin PBXFrameworksBuildPhase section */
		031069CC199E0100002886D2 /* Frameworks */ = {
			isa = PBXFrameworksBuildPhase;
			buildActionMask = 2147483647;
			files = (
			);
			runOnlyForDeploymentPostprocessing = 0;
		};
		031069DE199E0100002886D2 /* Frameworks */ = {
			isa = PBXFrameworksBuildPhase;
			buildActionMask = 2147483647;
			files = (
			);
			runOnlyForDeploymentPostprocessing = 0;
		};
/* End PBXFrameworksBuildPhase section */

/* Begin PBXGroup section */
		031069C6199E0100002886D2 = {
			isa = PBXGroup;
			children = (
				031069D1199E0100002886D2 /* JLToastSwiftSample */,
				031069E4199E0100002886D2 /* JLToastSwiftSampleTests */,
				031069D0199E0100002886D2 /* Products */,
			);
			sourceTree = "<group>";
		};
		031069D0199E0100002886D2 /* Products */ = {
			isa = PBXGroup;
			children = (
				031069CF199E0100002886D2 /* JLToastSwiftSample.app */,
				031069E1199E0100002886D2 /* JLToastSwiftSampleTests.xctest */,
			);
			name = Products;
			sourceTree = "<group>";
		};
		031069D1199E0100002886D2 /* JLToastSwiftSample */ = {
			isa = PBXGroup;
			children = (
				031069D4199E0100002886D2 /* AppDelegate.swift */,
				031069F1199E0128002886D2 /* RootViewController.swift */,
				031069DB199E0100002886D2 /* Images.xcassets */,
				031069F3199E0148002886D2 /* JLToast */,
				031069D2199E0100002886D2 /* Supporting Files */,
			);
			path = JLToastSwiftSample;
			sourceTree = "<group>";
		};
		031069D2199E0100002886D2 /* Supporting Files */ = {
			isa = PBXGroup;
			children = (
				031069D3199E0100002886D2 /* Info.plist */,
			);
			name = "Supporting Files";
			sourceTree = "<group>";
		};
		031069E4199E0100002886D2 /* JLToastSwiftSampleTests */ = {
			isa = PBXGroup;
			children = (
				031069E7199E0100002886D2 /* JLToastSwiftSampleTests.swift */,
				031069E5199E0100002886D2 /* Supporting Files */,
			);
			path = JLToastSwiftSampleTests;
			sourceTree = "<group>";
		};
		031069E5199E0100002886D2 /* Supporting Files */ = {
			isa = PBXGroup;
			children = (
				031069E6199E0100002886D2 /* Info.plist */,
			);
			name = "Supporting Files";
			sourceTree = "<group>";
		};
		031069F3199E0148002886D2 /* JLToast */ = {
			isa = PBXGroup;
			children = (
				031069F4199E0148002886D2 /* JLToast.swift */,
				031069F5199E0148002886D2 /* JLToastCenter.swift */,
				031069F6199E0148002886D2 /* JLToastView.swift */,
			);
			name = JLToast;
			path = ../../../JLToast;
			sourceTree = "<group>";
		};
/* End PBXGroup section */

/* Begin PBXNativeTarget section */
		031069CE199E0100002886D2 /* JLToastSwiftSample */ = {
			isa = PBXNativeTarget;
			buildConfigurationList = 031069EB199E0100002886D2 /* Build configuration list for PBXNativeTarget "JLToastSwiftSample" */;
			buildPhases = (
				031069CB199E0100002886D2 /* Sources */,
				031069CC199E0100002886D2 /* Frameworks */,
				031069CD199E0100002886D2 /* Resources */,
			);
			buildRules = (
			);
			dependencies = (
			);
			name = JLToastSwiftSample;
			productName = JLToastSwiftSample;
			productReference = 031069CF199E0100002886D2 /* JLToastSwiftSample.app */;
			productType = "com.apple.product-type.application";
		};
		031069E0199E0100002886D2 /* JLToastSwiftSampleTests */ = {
			isa = PBXNativeTarget;
			buildConfigurationList = 031069EE199E0100002886D2 /* Build configuration list for PBXNativeTarget "JLToastSwiftSampleTests" */;
			buildPhases = (
				031069DD199E0100002886D2 /* Sources */,
				031069DE199E0100002886D2 /* Frameworks */,
				031069DF199E0100002886D2 /* Resources */,
			);
			buildRules = (
			);
			dependencies = (
				031069E3199E0100002886D2 /* PBXTargetDependency */,
			);
			name = JLToastSwiftSampleTests;
			productName = JLToastSwiftSampleTests;
			productReference = 031069E1199E0100002886D2 /* JLToastSwiftSampleTests.xctest */;
			productType = "com.apple.product-type.bundle.unit-test";
		};
/* End PBXNativeTarget section */

/* Begin PBXProject section */
		031069C7199E0100002886D2 /* Project object */ = {
			isa = PBXProject;
			attributes = {
				LastUpgradeCheck = 0600;
				ORGANIZATIONNAME = "Suyeol Jeon";
				TargetAttributes = {
					031069CE199E0100002886D2 = {
						CreatedOnToolsVersion = 6.0;
					};
					031069E0199E0100002886D2 = {
						CreatedOnToolsVersion = 6.0;
						TestTargetID = 031069CE199E0100002886D2;
					};
				};
			};
			buildConfigurationList = 031069CA199E0100002886D2 /* Build configuration list for PBXProject "JLToastSwiftSample" */;
			compatibilityVersion = "Xcode 3.2";
			developmentRegion = English;
			hasScannedForEncodings = 0;
			knownRegions = (
				en,
				Base,
			);
			mainGroup = 031069C6199E0100002886D2;
			productRefGroup = 031069D0199E0100002886D2 /* Products */;
			projectDirPath = "";
			projectRoot = "";
			targets = (
				031069CE199E0100002886D2 /* JLToastSwiftSample */,
				031069E0199E0100002886D2 /* JLToastSwiftSampleTests */,
			);
		};
/* End PBXProject section */

/* Begin PBXResourcesBuildPhase section */
		031069CD199E0100002886D2 /* Resources */ = {
			isa = PBXResourcesBuildPhase;
			buildActionMask = 2147483647;
			files = (
				031069DC199E0100002886D2 /* Images.xcassets in Resources */,
			);
			runOnlyForDeploymentPostprocessing = 0;
		};
		031069DF199E0100002886D2 /* Resources */ = {
			isa = PBXResourcesBuildPhase;
			buildActionMask = 2147483647;
			files = (
			);
			runOnlyForDeploymentPostprocessing = 0;
		};
/* End PBXResourcesBuildPhase section */

/* Begin PBXSourcesBuildPhase section */
		031069CB199E0100002886D2 /* Sources */ = {
			isa = PBXSourcesBuildPhase;
			buildActionMask = 2147483647;
			files = (
				031069F8199E0148002886D2 /* JLToastCenter.swift in Sources */,
				031069D5199E0100002886D2 /* AppDelegate.swift in Sources */,
				031069F2199E0128002886D2 /* RootViewController.swift in Sources */,
				031069F7199E0148002886D2 /* JLToast.swift in Sources */,
				031069F9199E0148002886D2 /* JLToastView.swift in Sources */,
			);
			runOnlyForDeploymentPostprocessing = 0;
		};
		031069DD199E0100002886D2 /* Sources */ = {
			isa = PBXSourcesBuildPhase;
			buildActionMask = 2147483647;
			files = (
				031069E8199E0100002886D2 /* JLToastSwiftSampleTests.swift in Sources */,
			);
			runOnlyForDeploymentPostprocessing = 0;
		};
/* End PBXSourcesBuildPhase section */

/* Begin PBXTargetDependency section */
		031069E3199E0100002886D2 /* PBXTargetDependency */ = {
			isa = PBXTargetDependency;
			target = 031069CE199E0100002886D2 /* JLToastSwiftSample */;
			targetProxy = 031069E2199E0100002886D2 /* PBXContainerItemProxy */;
		};
/* End PBXTargetDependency section */

/* Begin XCBuildConfiguration section */
		031069E9199E0100002886D2 /* Debug */ = {
			isa = XCBuildConfiguration;
			buildSettings = {
				ALWAYS_SEARCH_USER_PATHS = NO;
				CLANG_CXX_LANGUAGE_STANDARD = "gnu++0x";
				CLANG_CXX_LIBRARY = "libc++";
				CLANG_ENABLE_MODULES = YES;
				CLANG_ENABLE_OBJC_ARC = YES;
				CLANG_WARN_BOOL_CONVERSION = YES;
				CLANG_WARN_CONSTANT_CONVERSION = YES;
				CLANG_WARN_DIRECT_OBJC_ISA_USAGE = YES_ERROR;
				CLANG_WARN_EMPTY_BODY = YES;
				CLANG_WARN_ENUM_CONVERSION = YES;
				CLANG_WARN_INT_CONVERSION = YES;
				CLANG_WARN_OBJC_ROOT_CLASS = YES_ERROR;
				CLANG_WARN_UNREACHABLE_CODE = YES;
				CLANG_WARN__DUPLICATE_METHOD_MATCH = YES;
				"CODE_SIGN_IDENTITY[sdk=iphoneos*]" = "iPhone Developer";
				COPY_PHASE_STRIP = NO;
				ENABLE_STRICT_OBJC_MSGSEND = YES;
				GCC_C_LANGUAGE_STANDARD = gnu99;
				GCC_DYNAMIC_NO_PIC = NO;
				GCC_OPTIMIZATION_LEVEL = 0;
				GCC_PREPROCESSOR_DEFINITIONS = (
					"DEBUG=1",
					"$(inherited)",
				);
				GCC_SYMBOLS_PRIVATE_EXTERN = NO;
				GCC_WARN_64_TO_32_BIT_CONVERSION = YES;
				GCC_WARN_ABOUT_RETURN_TYPE = YES_ERROR;
				GCC_WARN_UNDECLARED_SELECTOR = YES;
				GCC_WARN_UNINITIALIZED_AUTOS = YES_AGGRESSIVE;
				GCC_WARN_UNUSED_FUNCTION = YES;
				GCC_WARN_UNUSED_VARIABLE = YES;
				IPHONEOS_DEPLOYMENT_TARGET = 7.1;
				MTL_ENABLE_DEBUG_INFO = YES;
				ONLY_ACTIVE_ARCH = YES;
				SDKROOT = iphoneos;
				SWIFT_OPTIMIZATION_LEVEL = "-Onone";
				TARGETED_DEVICE_FAMILY = "1,2";
			};
			name = Debug;
		};
		031069EA199E0100002886D2 /* Release */ = {
			isa = XCBuildConfiguration;
			buildSettings = {
				ALWAYS_SEARCH_USER_PATHS = NO;
				CLANG_CXX_LANGUAGE_STANDARD = "gnu++0x";
				CLANG_CXX_LIBRARY = "libc++";
				CLANG_ENABLE_MODULES = YES;
				CLANG_ENABLE_OBJC_ARC = YES;
				CLANG_WARN_BOOL_CONVERSION = YES;
				CLANG_WARN_CONSTANT_CONVERSION = YES;
				CLANG_WARN_DIRECT_OBJC_ISA_USAGE = YES_ERROR;
				CLANG_WARN_EMPTY_BODY = YES;
				CLANG_WARN_ENUM_CONVERSION = YES;
				CLANG_WARN_INT_CONVERSION = YES;
				CLANG_WARN_OBJC_ROOT_CLASS = YES_ERROR;
				CLANG_WARN_UNREACHABLE_CODE = YES;
				CLANG_WARN__DUPLICATE_METHOD_MATCH = YES;
				"CODE_SIGN_IDENTITY[sdk=iphoneos*]" = "iPhone Developer";
				COPY_PHASE_STRIP = YES;
				ENABLE_NS_ASSERTIONS = NO;
				ENABLE_STRICT_OBJC_MSGSEND = YES;
				GCC_C_LANGUAGE_STANDARD = gnu99;
				GCC_WARN_64_TO_32_BIT_CONVERSION = YES;
				GCC_WARN_ABOUT_RETURN_TYPE = YES_ERROR;
				GCC_WARN_UNDECLARED_SELECTOR = YES;
				GCC_WARN_UNINITIALIZED_AUTOS = YES_AGGRESSIVE;
				GCC_WARN_UNUSED_FUNCTION = YES;
				GCC_WARN_UNUSED_VARIABLE = YES;
				IPHONEOS_DEPLOYMENT_TARGET = 7.1;
				MTL_ENABLE_DEBUG_INFO = NO;
				SDKROOT = iphoneos;
				TARGETED_DEVICE_FAMILY = "1,2";
				VALIDATE_PRODUCT = YES;
			};
			name = Release;
		};
		031069EC199E0100002886D2 /* Debug */ = {
			isa = XCBuildConfiguration;
			buildSettings = {
				ASSETCATALOG_COMPILER_APPICON_NAME = AppIcon;
				ASSETCATALOG_COMPILER_LAUNCHIMAGE_NAME = LaunchImage;
				INFOPLIST_FILE = JLToastSwiftSample/Info.plist;
				LD_RUNPATH_SEARCH_PATHS = "$(inherited) @executable_path/Frameworks";
				PRODUCT_NAME = "$(TARGET_NAME)";
			};
			name = Debug;
		};
		031069ED199E0100002886D2 /* Release */ = {
			isa = XCBuildConfiguration;
			buildSettings = {
				ASSETCATALOG_COMPILER_APPICON_NAME = AppIcon;
				ASSETCATALOG_COMPILER_LAUNCHIMAGE_NAME = LaunchImage;
				INFOPLIST_FILE = JLToastSwiftSample/Info.plist;
				LD_RUNPATH_SEARCH_PATHS = "$(inherited) @executable_path/Frameworks";
				PRODUCT_NAME = "$(TARGET_NAME)";
			};
			name = Release;
		};
		031069EF199E0100002886D2 /* Debug */ = {
			isa = XCBuildConfiguration;
			buildSettings = {
				BUNDLE_LOADER = "$(TEST_HOST)";
				FRAMEWORK_SEARCH_PATHS = (
					"$(SDKROOT)/Developer/Library/Frameworks",
					"$(inherited)",
				);
				GCC_PREPROCESSOR_DEFINITIONS = (
					"DEBUG=1",
					"$(inherited)",
				);
				INFOPLIST_FILE = JLToastSwiftSampleTests/Info.plist;
				LD_RUNPATH_SEARCH_PATHS = "$(inherited) @executable_path/Frameworks @loader_path/Frameworks";
				PRODUCT_NAME = "$(TARGET_NAME)";
				TEST_HOST = "$(BUILT_PRODUCTS_DIR)/JLToastSwiftSample.app/JLToastSwiftSample";
			};
			name = Debug;
		};
		031069F0199E0100002886D2 /* Release */ = {
			isa = XCBuildConfiguration;
			buildSettings = {
				BUNDLE_LOADER = "$(TEST_HOST)";
				FRAMEWORK_SEARCH_PATHS = (
					"$(SDKROOT)/Developer/Library/Frameworks",
					"$(inherited)",
				);
				INFOPLIST_FILE = JLToastSwiftSampleTests/Info.plist;
				LD_RUNPATH_SEARCH_PATHS = "$(inherited) @executable_path/Frameworks @loader_path/Frameworks";
				PRODUCT_NAME = "$(TARGET_NAME)";
				TEST_HOST = "$(BUILT_PRODUCTS_DIR)/JLToastSwiftSample.app/JLToastSwiftSample";
			};
			name = Release;
		};
/* End XCBuildConfiguration section */

/* Begin XCConfigurationList section */
		031069CA199E0100002886D2 /* Build configuration list for PBXProject "JLToastSwiftSample" */ = {
			isa = XCConfigurationList;
			buildConfigurations = (
				031069E9199E0100002886D2 /* Debug */,
				031069EA199E0100002886D2 /* Release */,
			);
			defaultConfigurationIsVisible = 0;
			defaultConfigurationName = Release;
		};
		031069EB199E0100002886D2 /* Build configuration list for PBXNativeTarget "JLToastSwiftSample" */ = {
			isa = XCConfigurationList;
			buildConfigurations = (
				031069EC199E0100002886D2 /* Debug */,
				031069ED199E0100002886D2 /* Release */,
			);
			defaultConfigurationIsVisible = 0;
			defaultConfigurationName = Release;
		};
		031069EE199E0100002886D2 /* Build configuration list for PBXNativeTarget "JLToastSwiftSampleTests" */ = {
			isa = XCConfigurationList;
			buildConfigurations = (
				031069EF199E0100002886D2 /* Debug */,
				031069F0199E0100002886D2 /* Release */,
			);
			defaultConfigurationIsVisible = 0;
			defaultConfigurationName = Release;
		};
/* End XCConfigurationList section */
	};
	rootObject = 031069C7199E0100002886D2 /* Project object */;
}
